
Microsoft Visual Studio Solution File, Format Version 12.00
# Visual Studio Version 16
VisualStudioVersion = 16.0.32929.386
MinimumVisualStudioVersion = 10.0.40219.1
Project("{FAE04EC0-301F-11D3-BF4B-00C04F79EFBC}") = "question02", "question02.csproj", "{7CB26297-6EF0-4A82-AC23-56D28CA04704}"
EndProject
Global
	GlobalSection(SolutionConfigurationPlatforms) = preSolution
		Debug|Any CPU = Debug|Any CPU
		Release|Any CPU = Release|Any CPU
	EndGlobalSection
	GlobalSection(ProjectConfigurationPlatforms) = postSolution
		{7CB26297-6EF0-4A82-AC23-56D28CA04704}.Debug|Any CPU.ActiveCfg = Debug|Any CPU
		{7CB26297-6EF0-4A82-AC23-56D28CA04704}.Debug|Any CPU.Build.0 = Debug|Any CPU
		{7CB26297-6EF0-4A82-AC23-56D28CA04704}.Release|Any CPU.ActiveCfg = Release|Any CPU
		{7CB26297-6EF0-4A82-AC23-56D28CA04704}.Release|Any CPU.Build.0 = Release|Any CPU
	EndGlobalSection
	GlobalSection(SolutionProperties) = preSolution
		HideSolutionNode = FALSE
	EndGlobalSection
	GlobalSection(ExtensibilityGlobals) = postSolution
		SolutionGuid = {E98CA452-7620-4FFA-8620-8F2BC5C08BF7}
	EndGlobalSection
EndGlobal
