
Microsoft Visual Studio Solution File, Format Version 12.00
# Visual Studio Version 16
VisualStudioVersion = 16.0.32929.386
MinimumVisualStudioVersion = 10.0.40219.1
Project("{FAE04EC0-301F-11D3-BF4B-00C04F79EFBC}") = "question01", "question01.csproj", "{F447C995-D4BE-4011-99EF-F7A7798962B1}"
EndProject
Global
	GlobalSection(SolutionConfigurationPlatforms) = preSolution
		Debug|Any CPU = Debug|Any CPU
		Release|Any CPU = Release|Any CPU
	EndGlobalSection
	GlobalSection(ProjectConfigurationPlatforms) = postSolution
		{F447C995-D4BE-4011-99EF-F7A7798962B1}.Debug|Any CPU.ActiveCfg = Debug|Any CPU
		{F447C995-D4BE-4011-99EF-F7A7798962B1}.Debug|Any CPU.Build.0 = Debug|Any CPU
		{F447C995-D4BE-4011-99EF-F7A7798962B1}.Release|Any CPU.ActiveCfg = Release|Any CPU
		{F447C995-D4BE-4011-99EF-F7A7798962B1}.Release|Any CPU.Build.0 = Release|Any CPU
	EndGlobalSection
	GlobalSection(SolutionProperties) = preSolution
		HideSolutionNode = FALSE
	EndGlobalSection
	GlobalSection(ExtensibilityGlobals) = postSolution
		SolutionGuid = {29252CC3-09FB-430F-8DBB-6D162CDC0A4E}
	EndGlobalSection
EndGlobal
